
Microsoft Visual Studio Solution File, Format Version 12.00
Project("{FAE04EC0-301F-11D3-BF4B-00C04F79EFBC}") = "Bootstrap", "Bootstrap\Bootstrap.csproj", "{C432168A-BB30-445E-8710-E0B04E713DED}"
EndProject
Project("{FAE04EC0-301F-11D3-BF4B-00C04F79EFBC}") = "Domain", "Domain\Domain.csproj", "{9AC207B5-1827-4579-A65B-A32D7746D86D}"
EndProject
Project("{FAE04EC0-301F-11D3-BF4B-00C04F79EFBC}") = "DomainTests", "DomainTests\DomainTests.csproj", "{9A6A71C2-79D1-4BEF-9C87-BFBD585899AB}"
EndProject
Project("{FAE04EC0-301F-11D3-BF4B-00C04F79EFBC}") = "Api", "Api\Api.csproj", "{A0B37B9E-C2FE-42A9-AB52-8E4FCACEDD05}"
EndProject
Project("{FAE04EC0-301F-11D3-BF4B-00C04F79EFBC}") = "ApiTests", "ApiTests\ApiTests.csproj", "{8754FBA3-1140-4BE7-86D3-27D35387D91C}"
EndProject
Global
	GlobalSection(SolutionConfigurationPlatforms) = preSolution
		Debug|Any CPU = Debug|Any CPU
		Release|Any CPU = Release|Any CPU
	EndGlobalSection
	GlobalSection(ProjectConfigurationPlatforms) = postSolution
		{C432168A-BB30-445E-8710-E0B04E713DED}.Debug|Any CPU.ActiveCfg = Debug|Any CPU
		{C432168A-BB30-445E-8710-E0B04E713DED}.Debug|Any CPU.Build.0 = Debug|Any CPU
		{C432168A-BB30-445E-8710-E0B04E713DED}.Release|Any CPU.ActiveCfg = Release|Any CPU
		{C432168A-BB30-445E-8710-E0B04E713DED}.Release|Any CPU.Build.0 = Release|Any CPU
		{9AC207B5-1827-4579-A65B-A32D7746D86D}.Debug|Any CPU.ActiveCfg = Debug|Any CPU
		{9AC207B5-1827-4579-A65B-A32D7746D86D}.Debug|Any CPU.Build.0 = Debug|Any CPU
		{9AC207B5-1827-4579-A65B-A32D7746D86D}.Release|Any CPU.ActiveCfg = Release|Any CPU
		{9AC207B5-1827-4579-A65B-A32D7746D86D}.Release|Any CPU.Build.0 = Release|Any CPU
		{9A6A71C2-79D1-4BEF-9C87-BFBD585899AB}.Debug|Any CPU.ActiveCfg = Debug|Any CPU
		{9A6A71C2-79D1-4BEF-9C87-BFBD585899AB}.Debug|Any CPU.Build.0 = Debug|Any CPU
		{9A6A71C2-79D1-4BEF-9C87-BFBD585899AB}.Release|Any CPU.ActiveCfg = Release|Any CPU
		{9A6A71C2-79D1-4BEF-9C87-BFBD585899AB}.Release|Any CPU.Build.0 = Release|Any CPU
		{A0B37B9E-C2FE-42A9-AB52-8E4FCACEDD05}.Debug|Any CPU.ActiveCfg = Debug|Any CPU
		{A0B37B9E-C2FE-42A9-AB52-8E4FCACEDD05}.Debug|Any CPU.Build.0 = Debug|Any CPU
		{A0B37B9E-C2FE-42A9-AB52-8E4FCACEDD05}.Release|Any CPU.ActiveCfg = Release|Any CPU
		{A0B37B9E-C2FE-42A9-AB52-8E4FCACEDD05}.Release|Any CPU.Build.0 = Release|Any CPU
		{8754FBA3-1140-4BE7-86D3-27D35387D91C}.Debug|Any CPU.ActiveCfg = Debug|Any CPU
		{8754FBA3-1140-4BE7-86D3-27D35387D91C}.Debug|Any CPU.Build.0 = Debug|Any CPU
		{8754FBA3-1140-4BE7-86D3-27D35387D91C}.Release|Any CPU.ActiveCfg = Release|Any CPU
		{8754FBA3-1140-4BE7-86D3-27D35387D91C}.Release|Any CPU.Build.0 = Release|Any CPU
	EndGlobalSection
EndGlobal
